# This file is automatically @generated by Poetry 2.0.1 and should not be changed by hand.

[[package]]
name = "boto3"
version = "1.43.15"
description = "The AWS SDK for Python"
optional = false
python-versions = ">=3.10"
groups = ["main"]
files = [
    {file = "boto3-1.43.15-py3-none-any.whl", hash = "sha256:67510ef57a79f0d53b963b0dd1d1741d1e3de1eb2ef6cf1737b6a6bddd34b8cb"},
    {file = "boto3-1.43.15.tar.gz", hash = "sha256:8dbb1a129c693313218a099d4f086f3bb48f50159b74b5bd8869e1037fde4101"},
]

[package.dependencies]
botocore = ">=1.43.15,<1.44.0"
jmespath = ">=0.7.1,<2.0.0"
s3transfer = ">=0.17.0,<0.18.0"

[package.extras]
crt = ["botocore[crt] (>=1.21.0,<2.0a0)"]

[[package]]
name = "botocore"
version = "1.43.15"
description = "Low-level, data-driven core of boto 3."
optional = false
python-versions = ">=3.10"
groups = ["main"]
files = [
    {file = "botocore-1.43.15-py3-none-any.whl", hash = "sha256:bda4923998d1bf17f8eb6bc767a0923fbb9e525ecd50f839b041e469b46e1c94"},
    {file = "botocore-1.43.15.tar.gz", hash = "sha256:eed2e24962af03ec361a1dc6924f6b2cff0215a0a2f5c690eab655f43d1f700f"},
]

[package.dependencies]
jmespath = ">=0.7.1,<2.0.0"
python-dateutil = ">=2.1,<3.0.0"
urllib3 = ">=1.25.4,<2.2.0 || >2.2.0,<3"

[package.extras]
crt = ["awscrt (==0.32.2)"]

[[package]]
name = "jmespath"
version = "1.1.0"
description = "JSON Matching Expressions"
optional = false
python-versions = ">=3.9"
groups = ["main"]
files = [
    {file = "jmespath-1.1.0-py3-none-any.whl", hash = "sha256:a5663118de4908c91729bea0acadca56526eb2698e83de10cd116ae0f4e97c64"},
    {file = "jmespath-1.1.0.tar.gz", hash = "sha256:472c87d80f36026ae83c6ddd0f1d05d4e510134ed462851fd5f754c8c3cbb88d"},
]

[[package]]
name = "python-dateutil"
version = "2.9.0.post0"
description = "Extensions to the standard Python datetime module"
optional = false
python-versions = "!=3.0.*,!=3.1.*,!=3.2.*,>=2.7"
groups = ["main"]
files = [
    {file = "python-dateutil-2.9.0.post0.tar.gz", hash = "sha256:37dd54208da7e1cd875388217d5e00ebd4179249f90fb72437e91a35459a0ad3"},
    {file = "python_dateutil-2.9.0.post0-py2.py3-none-any.whl", hash = "sha256:a8b2bc7bffae282281c8140a97d3aa9c14da0b136dfe83f850eea9a5f7470427"},
]

[package.dependencies]
six = ">=1.5"

[[package]]
name = "python-dotenv"
version = "1.2.2"
description = "Read key-value pairs from a .env file and set them as environment variables"
optional = false
python-versions = ">=3.10"
groups = ["main"]
files = [
    {file = "python_dotenv-1.2.2-py3-none-any.whl", hash = "sha256:1d8214789a24de455a8b8bd8ae6fe3c6b69a5e3d64aa8a8e5d68e694bbcb285a"},
    {file = "python_dotenv-1.2.2.tar.gz", hash = "sha256:2c371a91fbd7ba082c2c1dc1f8bf89ca22564a087c2c287cd9b662adde799cf3"},
]

[package.extras]
cli = ["click (>=5.0)"]

[[package]]
name = "s3transfer"
version = "0.17.1"
description = "An Amazon S3 Transfer Manager"
optional = false
python-versions = ">=3.10"
groups = ["main"]
files = [
    {file = "s3transfer-0.17.1-py3-none-any.whl", hash = "sha256:5b9827d1044159bbb01b86ef8902760ea39281927f5de31de75e1d657177bf4c"},
    {file = "s3transfer-0.17.1.tar.gz", hash = "sha256:042dd5e3b1b512355e35a23f0223e426b7042e80b97830ea2680ddce327fc45e"},
]

[package.dependencies]
botocore = ">=1.37.4,<2.0a.0"

[package.extras]
crt = ["botocore[crt] (>=1.37.4,<2.0a.0)"]

[[package]]
name = "six"
version = "1.17.0"
description = "Python 2 and 3 compatibility utilities"
optional = false
python-versions = "!=3.0.*,!=3.1.*,!=3.2.*,>=2.7"
groups = ["main"]
files = [
    {file = "six-1.17.0-py2.py3-none-any.whl", hash = "sha256:4721f391ed90541fddacab5acf947aa0d3dc7d27b2e1e8eda2be8970586c3274"},
    {file = "six-1.17.0.tar.gz", hash = "sha256:ff70335d468e7eb6ec65b95b99d3a2836546063f63acc5171de367e834932a81"},
]

[[package]]
name = "urllib3"
version = "2.7.0"
description = "HTTP library with thread-safe connection pooling, file post, and more."
optional = false
python-versions = ">=3.10"
groups = ["main"]
files = [
    {file = "urllib3-2.7.0-py3-none-any.whl", hash = "sha256:9fb4c81ebbb1ce9531cce37674bbc6f1360472bc18ca9a553ede278ef7276897"},
    {file = "urllib3-2.7.0.tar.gz", hash = "sha256:231e0ec3b63ceb14667c67be60f2f2c40a518cb38b03af60abc813da26505f4c"},
]

[package.extras]
brotli = ["brotli (>=1.2.0)", "brotlicffi (>=1.2.0.0)"]
h2 = ["h2 (>=4,<5)"]
socks = ["pysocks (>=1.5.6,!=1.5.7,<2.0)"]
zstd = ["backports-zstd (>=1.0.0)"]

[metadata]
lock-version = "2.1"
python-versions = "~3.12.7"
content-hash = "638211272ffaa0df4360eb2bf5731da464f78a1494f46e9a606913617bcf9cfd"
