# This file is automatically @generated by Poetry 2.0.1 and should not be changed by hand.

[[package]]
name = "boto3"
version = "1.42.53"
description = "The AWS SDK for Python"
optional = false
python-versions = ">=3.9"
groups = ["main"]
files = [
    {file = "boto3-1.42.53-py3-none-any.whl", hash = "sha256:3bd32f3508a6e9851671d0ef3b1f9e8ee7e8c095aa0488bcd9e86074aef5b7eb"},
    {file = "boto3-1.42.53.tar.gz", hash = "sha256:56bc79388763995852b6d3fe48023e661e63fc2e60a921273c422d0171b9fbfb"},
]

[package.dependencies]
botocore = ">=1.42.53,<1.43.0"
jmespath = ">=0.7.1,<2.0.0"
s3transfer = ">=0.16.0,<0.17.0"

[package.extras]
crt = ["botocore[crt] (>=1.21.0,<2.0a0)"]

[[package]]
name = "botocore"
version = "1.42.53"
description = "Low-level, data-driven core of boto 3."
optional = false
python-versions = ">=3.9"
groups = ["main"]
files = [
    {file = "botocore-1.42.53-py3-none-any.whl", hash = "sha256:1255db56bc0a284a8caa182c20966277e6c8871b6881cf816d40e993fa5da503"},
    {file = "botocore-1.42.53.tar.gz", hash = "sha256:0bc1a2e1b6ae4c8397c9bede3bb9007b4f16e159ef2ca7f24837e31d5860caac"},
]

[package.dependencies]
jmespath = ">=0.7.1,<2.0.0"
python-dateutil = ">=2.1,<3.0.0"
urllib3 = {version = ">=1.25.4,<2.2.0 || >2.2.0,<3", markers = "python_version >= \"3.10\""}

[package.extras]
crt = ["awscrt (==0.31.2)"]

[[package]]
name = "jmespath"
version = "1.1.0"
description = "JSON Matching Expressions"
optional = false
python-versions = ">=3.9"
groups = ["main"]
files = [
    {file = "jmespath-1.1.0-py3-none-any.whl", hash = "sha256:a5663118de4908c91729bea0acadca56526eb2698e83de10cd116ae0f4e97c64"},
    {file = "jmespath-1.1.0.tar.gz", hash = "sha256:472c87d80f36026ae83c6ddd0f1d05d4e510134ed462851fd5f754c8c3cbb88d"},
]

[[package]]
name = "python-dateutil"
version = "2.9.0.post0"
description = "Extensions to the standard Python datetime module"
optional = false
python-versions = "!=3.0.*,!=3.1.*,!=3.2.*,>=2.7"
groups = ["main"]
files = [
    {file = "python-dateutil-2.9.0.post0.tar.gz", hash = "sha256:37dd54208da7e1cd875388217d5e00ebd4179249f90fb72437e91a35459a0ad3"},
    {file = "python_dateutil-2.9.0.post0-py2.py3-none-any.whl", hash = "sha256:a8b2bc7bffae282281c8140a97d3aa9c14da0b136dfe83f850eea9a5f7470427"},
]

[package.dependencies]
six = ">=1.5"

[[package]]
name = "python-dotenv"
version = "1.2.1"
description = "Read key-value pairs from a .env file and set them as environment variables"
optional = false
python-versions = ">=3.9"
groups = ["main"]
files = [
    {file = "python_dotenv-1.2.1-py3-none-any.whl", hash = "sha256:b81ee9561e9ca4004139c6cbba3a238c32b03e4894671e181b671e8cb8425d61"},
    {file = "python_dotenv-1.2.1.tar.gz", hash = "sha256:42667e897e16ab0d66954af0e60a9caa94f0fd4ecf3aaf6d2d260eec1aa36ad6"},
]

[package.extras]
cli = ["click (>=5.0)"]

[[package]]
name = "s3transfer"
version = "0.16.0"
description = "An Amazon S3 Transfer Manager"
optional = false
python-versions = ">=3.9"
groups = ["main"]
files = [
    {file = "s3transfer-0.16.0-py3-none-any.whl", hash = "sha256:18e25d66fed509e3868dc1572b3f427ff947dd2c56f844a5bf09481ad3f3b2fe"},
    {file = "s3transfer-0.16.0.tar.gz", hash = "sha256:8e990f13268025792229cd52fa10cb7163744bf56e719e0b9cb925ab79abf920"},
]

[package.dependencies]
botocore = ">=1.37.4,<2.0a.0"

[package.extras]
crt = ["botocore[crt] (>=1.37.4,<2.0a.0)"]

[[package]]
name = "six"
version = "1.17.0"
description = "Python 2 and 3 compatibility utilities"
optional = false
python-versions = "!=3.0.*,!=3.1.*,!=3.2.*,>=2.7"
groups = ["main"]
files = [
    {file = "six-1.17.0-py2.py3-none-any.whl", hash = "sha256:4721f391ed90541fddacab5acf947aa0d3dc7d27b2e1e8eda2be8970586c3274"},
    {file = "six-1.17.0.tar.gz", hash = "sha256:ff70335d468e7eb6ec65b95b99d3a2836546063f63acc5171de367e834932a81"},
]

[[package]]
name = "urllib3"
version = "2.6.3"
description = "HTTP library with thread-safe connection pooling, file post, and more."
optional = false
python-versions = ">=3.9"
groups = ["main"]
files = [
    {file = "urllib3-2.6.3-py3-none-any.whl", hash = "sha256:bf272323e553dfb2e87d9bfd225ca7b0f467b919d7bbd355436d3fd37cb0acd4"},
    {file = "urllib3-2.6.3.tar.gz", hash = "sha256:1b62b6884944a57dbe321509ab94fd4d3b307075e0c2eae991ac71ee15ad38ed"},
]

[package.extras]
brotli = ["brotli (>=1.2.0)", "brotlicffi (>=1.2.0.0)"]
h2 = ["h2 (>=4,<5)"]
socks = ["pysocks (>=1.5.6,!=1.5.7,<2.0)"]
zstd = ["backports-zstd (>=1.0.0)"]

[metadata]
lock-version = "2.1"
python-versions = "~3.12.7"
content-hash = "638211272ffaa0df4360eb2bf5731da464f78a1494f46e9a606913617bcf9cfd"
